{
  "name": "Porfolio",
  "lockfileVersion": 2,
  "requires": true,
  "packages": {
    "": {
      "dependencies": {
        "@fontsource/spartan": "^4.5.8"
      }
    },
    "node_modules/@fontsource/spartan": {
      "version": "4.5.8",
      "resolved": "https://registry.npmjs.org/@fontsource/spartan/-/spartan-4.5.8.tgz",
      "integrity": "sha512-g2zQ/Jh43stU3xDCZsJA10IXfmN5EKzvuhTf8OxAiYZIxGr/tFey5pC/TGrd57mdz32A1vDeEe+FTXWSIY1uXQ=="
    }
  },
  "dependencies": {
    "@fontsource/spartan": {
      "version": "4.5.8",
      "resolved": "https://registry.npmjs.org/@fontsource/spartan/-/spartan-4.5.8.tgz",
      "integrity": "sha512-g2zQ/Jh43stU3xDCZsJA10IXfmN5EKzvuhTf8OxAiYZIxGr/tFey5pC/TGrd57mdz32A1vDeEe+FTXWSIY1uXQ=="
    }
  }
}
